<?xml version="1.0" encoding="utf-8"?>
<Project ToolsVersion="4.0" xmlns="http://schemas.microsoft.com/developer/msbuild/2003">
  <ItemGroup>
    <Filter Include="资源文件">
      <UniqueIdentifier>{67DA6AB6-F800-4c08-8B7A-83BB121AAD01}</UniqueIdentifier>
      <Extensions>rc;ico;cur;bmp;dlg;rc2;rct;bin;rgs;gif;jpg;jpeg;jpe;resx;tiff;tif;png;wav;mfcribbon-ms</Extensions>
    </Filter>
    <Filter Include="hlsl">
      <UniqueIdentifier>{dce5703f-d283-4a68-abe9-cee5ad1b44a7}</UniqueIdentifier>
    </Filter>
    <Filter Include="inc">
      <UniqueIdentifier>{93995380-89BD-4b04-88EB-625FBE52EBFB}</UniqueIdentifier>
      <Extensions>h;hh;hpp;hxx;h++;hm;inl;inc;ipp;xsd</Extensions>
    </Filter>
    <Filter Include="main">
      <UniqueIdentifier>{4FC737F1-C7A5-4376-A066-2A32D752A2FF}</UniqueIdentifier>
      <Extensions>cpp;c;cc;cxx;c++;cppm;ixx;def;odl;idl;hpj;bat;asm;asmx</Extensions>
    </Filter>
    <Filter Include="src">
      <UniqueIdentifier>{08e1d6cd-14c1-4bae-8579-f7bec3f7e03b}</UniqueIdentifier>
    </Filter>
  </ItemGroup>
  <ItemGroup>
    <ClCompile Include="main.cpp">
      <Filter>main</Filter>
    </ClCompile>
    <ClCompile Include="src\Directx.cpp">
      <Filter>src</Filter>
    </ClCompile>
    <ClCompile Include="src\DirectxEnumStruct.cpp">
      <Filter>src</Filter>
    </ClCompile>
    <ClCompile Include="src\LoadResourse.cpp">
      <Filter>src</Filter>
    </ClCompile>
    <ClCompile Include="src\WinGUI.cpp">
      <Filter>src</Filter>
    </ClCompile>
  </ItemGroup>
  <ItemGroup>
    <ResourceCompile Include="Resource.rc">
      <Filter>资源文件</Filter>
    </ResourceCompile>
  </ItemGroup>
  <ItemGroup>
    <None Include="hlsl1.bin">
      <Filter>资源文件</Filter>
    </None>
  </ItemGroup>
  <ItemGroup>
    <FxCompile Include="hlsl\pShaderTexture.hlsl">
      <Filter>hlsl</Filter>
    </FxCompile>
    <FxCompile Include="hlsl\vShaderTexture.hlsl">
      <Filter>hlsl</Filter>
    </FxCompile>
  </ItemGroup>
  <ItemGroup>
    <ClInclude Include="inc\Directx.h">
      <Filter>inc</Filter>
    </ClInclude>
    <ClInclude Include="inc\DirectxEnumStruct.h">
      <Filter>inc</Filter>
    </ClInclude>
    <ClInclude Include="inc\LoadResourse.h">
      <Filter>inc</Filter>
    </ClInclude>
    <ClInclude Include="inc\Png.h">
      <Filter>inc</Filter>
    </ClInclude>
    <ClInclude Include="inc\WinEnumStruct.h">
      <Filter>inc</Filter>
    </ClInclude>
    <ClInclude Include="inc\WinGUI.h">
      <Filter>inc</Filter>
    </ClInclude>
  </ItemGroup>
</Project>